
Microsoft Visual Studio Solution File, Format Version 12.00
# Visual Studio 14
VisualStudioVersion = 14.0.24720.0
MinimumVisualStudioVersion = 10.0.40219.1
Project("{FAE04EC0-301F-11D3-BF4B-00C04F79EFBC}") = "PrintServerGroups", "PrintServerGroups\PrintServerGroups.csproj", "{6552A62E-43A6-4674-B7E8-A002A7851990}"
EndProject
Project("{2150E333-8FDC-42A3-9474-1A3956D46DE8}") = "Solution Items", "Solution Items", "{AEF83759-15CE-49CC-A316-B5E1438F167B}"
	ProjectSection(SolutionItems) = preProject
		..\..\..\..\AppData\Local\Temp\Microsoft .NET Framework 4 Setup_4.0.30319\Graphics\Print.ico = ..\..\..\..\AppData\Local\Temp\Microsoft .NET Framework 4 Setup_4.0.30319\Graphics\Print.ico
		..\..\..\..\AppData\Local\Temp\Microsoft .NET Framework 4 Setup_4.0.30319\Graphics\Save.ico = ..\..\..\..\AppData\Local\Temp\Microsoft .NET Framework 4 Setup_4.0.30319\Graphics\Save.ico
		..\..\..\..\..\..\Program Files (x86)\Printer DCA\toolbox.ico = ..\..\..\..\..\..\Program Files (x86)\Printer DCA\toolbox.ico
	EndProjectSection
EndProject
Global
	GlobalSection(SolutionConfigurationPlatforms) = preSolution
		Debug|Any CPU = Debug|Any CPU
		Release|Any CPU = Release|Any CPU
	EndGlobalSection
	GlobalSection(ProjectConfigurationPlatforms) = postSolution
		{6552A62E-43A6-4674-B7E8-A002A7851990}.Debug|Any CPU.ActiveCfg = Debug|Any CPU
		{6552A62E-43A6-4674-B7E8-A002A7851990}.Debug|Any CPU.Build.0 = Debug|Any CPU
		{6552A62E-43A6-4674-B7E8-A002A7851990}.Release|Any CPU.ActiveCfg = Release|Any CPU
		{6552A62E-43A6-4674-B7E8-A002A7851990}.Release|Any CPU.Build.0 = Release|Any CPU
	EndGlobalSection
	GlobalSection(SolutionProperties) = preSolution
		HideSolutionNode = FALSE
	EndGlobalSection
EndGlobal
